
Microsoft Visual Studio Solution File, Format Version 12.00
# Visual Studio Version 16
VisualStudioVersion = 16.0.30517.126
MinimumVisualStudioVersion = 10.0.40219.1
Project("{FAE04EC0-301F-11D3-BF4B-00C04F79EFBC}") = "VeritabaniKayitGiris", "VeritabaniKayitGiris\VeritabaniKayitGiris.csproj", "{8EFCB486-1770-4CE2-B9DF-F53DF3905B9C}"
EndProject
Global
	GlobalSection(SolutionConfigurationPlatforms) = preSolution
		Debug|Any CPU = Debug|Any CPU
		Release|Any CPU = Release|Any CPU
	EndGlobalSection
	GlobalSection(ProjectConfigurationPlatforms) = postSolution
		{8EFCB486-1770-4CE2-B9DF-F53DF3905B9C}.Debug|Any CPU.ActiveCfg = Debug|Any CPU
		{8EFCB486-1770-4CE2-B9DF-F53DF3905B9C}.Debug|Any CPU.Build.0 = Debug|Any CPU
		{8EFCB486-1770-4CE2-B9DF-F53DF3905B9C}.Release|Any CPU.ActiveCfg = Release|Any CPU
		{8EFCB486-1770-4CE2-B9DF-F53DF3905B9C}.Release|Any CPU.Build.0 = Release|Any CPU
	EndGlobalSection
	GlobalSection(SolutionProperties) = preSolution
		HideSolutionNode = FALSE
	EndGlobalSection
	GlobalSection(ExtensibilityGlobals) = postSolution
		SolutionGuid = {877B8EAD-CEDC-40CA-9F53-596E0B157E06}
	EndGlobalSection
EndGlobal
